{
  "nodes": {
    "avy": {
      "flake": false,
      "locked": {
        "lastModified": 1662838568,
        "narHash": "sha256-wXjEveFoQ6K9meOvYXY6iuDT8Xw3QoVh861TXtyIGkM=",
        "owner": "abo-abo",
        "repo": "avy",
        "rev": "955c8dedd68c74f3cf692c1249513f048518c4c9",
        "type": "github"
      },
      "original": {
        "owner": "abo-abo",
        "repo": "avy",
        "type": "github"
      }
    },
    "avy-riben": {
      "flake": false,
      "locked": {
        "lastModified": 1663000398,
        "narHash": "sha256-0r8ouwgcTAAFL72/PsRToWwzsmBdLJ1P4rou9JzMOwE=",
        "owner": "akirak",
        "repo": "emacs-dumb-japanese",
        "rev": "74b60671376cf5169a06064cfd1bccb5866046e8",
        "type": "github"
      },
      "original": {
        "owner": "akirak",
        "repo": "emacs-dumb-japanese",
        "type": "github"
      }
    },
    "emacsql": {
      "flake": false,
      "locked": {
        "lastModified": 1649434493,
        "narHash": "sha256-mkTCzBrq8ny40j//ZoNdZiH1rEZM08b9DkBcDGCQilw=",
        "owner": "skeeto",
        "repo": "emacsql",
        "rev": "373975cbccf7776af771e23f86043b236a330702",
        "type": "github"
      },
      "original": {
        "owner": "skeeto",
        "repo": "emacsql",
        "type": "github"
      }
    },
    "emacsql-sqlite": {
      "flake": false,
      "locked": {
        "lastModified": 1649434493,
        "narHash": "sha256-mkTCzBrq8ny40j//ZoNdZiH1rEZM08b9DkBcDGCQilw=",
        "owner": "skeeto",
        "repo": "emacsql",
        "rev": "373975cbccf7776af771e23f86043b236a330702",
        "type": "github"
      },
      "original": {
        "owner": "skeeto",
        "repo": "emacsql",
        "type": "github"
      }
    },
    "plz": {
      "flake": false,
      "locked": {
        "lastModified": 1657914511,
        "narHash": "sha256-YtM9d8eGWrYGGdAw4PkL+ThpcRGOvAga9D9M7iNeF5w=",
        "owner": "alphapapa",
        "repo": "plz.el",
        "rev": "9e9a370830a879592a4c6c9e66a5e9ec9f27d698",
        "type": "github"
      },
      "original": {
        "owner": "alphapapa",
        "repo": "plz.el",
        "type": "github"
      }
    },
    "posframe": {
      "flake": false,
      "locked": {
        "lastModified": 1653697654,
        "narHash": "sha256-XKxFg6Wy1xpgcdliJOaDq4nP8hH4EuoQgaMmGqCfgtw=",
        "owner": "tumashu",
        "repo": "posframe",
        "rev": "0d23bc5f7cfac00277d83ae7ba52c48685bcbc68",
        "type": "github"
      },
      "original": {
        "owner": "tumashu",
        "repo": "posframe",
        "type": "github"
      }
    },
    "riben": {
      "flake": false,
      "locked": {
        "lastModified": 1663000398,
        "narHash": "sha256-0r8ouwgcTAAFL72/PsRToWwzsmBdLJ1P4rou9JzMOwE=",
        "owner": "akirak",
        "repo": "emacs-dumb-japanese",
        "rev": "74b60671376cf5169a06064cfd1bccb5866046e8",
        "type": "github"
      },
      "original": {
        "owner": "akirak",
        "repo": "emacs-dumb-japanese",
        "type": "github"
      }
    },
    "root": {
      "inputs": {
        "avy": "avy",
        "avy-riben": "avy-riben",
        "emacsql": "emacsql",
        "emacsql-sqlite": "emacsql-sqlite",
        "plz": "plz",
        "posframe": "posframe",
        "riben": "riben"
      }
    }
  },
  "root": "root",
  "version": 7
}
