{
  "nodes": {
    "avy": {
      "flake": false,
      "locked": {
        "lastModified": 1662838568,
        "narHash": "sha256-wXjEveFoQ6K9meOvYXY6iuDT8Xw3QoVh861TXtyIGkM=",
        "owner": "abo-abo",
        "repo": "avy",
        "rev": "955c8dedd68c74f3cf692c1249513f048518c4c9",
        "type": "github"
      },
      "original": {
        "owner": "abo-abo",
        "repo": "avy",
        "type": "github"
      }
    },
    "avy-riben": {
      "flake": false,
      "locked": {
        "lastModified": 1672302795,
        "narHash": "sha256-DX+pmQ94sA4N+UYYRZEQ+2bv1G2ZDUYF6vBXjX6y+60=",
        "owner": "akirak",
        "repo": "emacs-dumb-japanese",
        "rev": "4fdda5f259f720f4b0c1b6cc67bdc8ade29ddb19",
        "type": "github"
      },
      "original": {
        "owner": "akirak",
        "repo": "emacs-dumb-japanese",
        "type": "github"
      }
    },
    "emacsql": {
      "flake": false,
      "locked": {
        "lastModified": 1677240082,
        "narHash": "sha256-1BzGi6JcrF98DiNpdajbL8JhqWuXwvPcBSCdDpHsrMo=",
        "owner": "skeeto",
        "repo": "emacsql",
        "rev": "7c533fb6c27c3a10b6ab05bddf663e37c109e459",
        "type": "github"
      },
      "original": {
        "owner": "skeeto",
        "repo": "emacsql",
        "type": "github"
      }
    },
    "emacsql-sqlite": {
      "flake": false,
      "locked": {
        "lastModified": 1677240082,
        "narHash": "sha256-1BzGi6JcrF98DiNpdajbL8JhqWuXwvPcBSCdDpHsrMo=",
        "owner": "skeeto",
        "repo": "emacsql",
        "rev": "7c533fb6c27c3a10b6ab05bddf663e37c109e459",
        "type": "github"
      },
      "original": {
        "owner": "skeeto",
        "repo": "emacsql",
        "type": "github"
      }
    },
    "plz": {
      "flake": false,
      "locked": {
        "lastModified": 1675814673,
        "narHash": "sha256-tAagmxiKMLN7yb6X4xEALt5WPaUuYU4tlC5siTQODqM=",
        "owner": "alphapapa",
        "repo": "plz.el",
        "rev": "d9600cd5d6fb6e9d5dca9c1f95e0ad965570e4b9",
        "type": "github"
      },
      "original": {
        "owner": "alphapapa",
        "repo": "plz.el",
        "type": "github"
      }
    },
    "posframe": {
      "flake": false,
      "locked": {
        "lastModified": 1677027214,
        "narHash": "sha256-YWZPZznkJPy8H3k1c26nuRxzj7kqImsfor9pPDuDIMM=",
        "owner": "tumashu",
        "repo": "posframe",
        "rev": "dace2dcf105e9685b4085836645b3392dc7e2211",
        "type": "github"
      },
      "original": {
        "owner": "tumashu",
        "repo": "posframe",
        "type": "github"
      }
    },
    "riben": {
      "flake": false,
      "locked": {
        "lastModified": 1672302795,
        "narHash": "sha256-DX+pmQ94sA4N+UYYRZEQ+2bv1G2ZDUYF6vBXjX6y+60=",
        "owner": "akirak",
        "repo": "emacs-dumb-japanese",
        "rev": "4fdda5f259f720f4b0c1b6cc67bdc8ade29ddb19",
        "type": "github"
      },
      "original": {
        "owner": "akirak",
        "repo": "emacs-dumb-japanese",
        "type": "github"
      }
    },
    "root": {
      "inputs": {
        "avy": "avy",
        "avy-riben": "avy-riben",
        "emacsql": "emacsql",
        "emacsql-sqlite": "emacsql-sqlite",
        "plz": "plz",
        "posframe": "posframe",
        "riben": "riben"
      }
    }
  },
  "root": "root",
  "version": 7
}
